
Microsoft Visual Studio Solution File, Format Version 12.00
# Visual Studio Version 17
VisualStudioVersion = 17.11.35303.130
MinimumVisualStudioVersion = 10.0.40219.1
Project("{FAE04EC0-301F-11D3-BF4B-00C04F79EFBC}") = "Project_Stonk", "Project_Stongs\Project_Stonk.csproj", "{74674E4C-8739-42AE-B1D0-8A64F61592FA}"
EndProject
Global
	GlobalSection(SolutionConfigurationPlatforms) = preSolution
		Debug|Any CPU = Debug|Any CPU
		Release|Any CPU = Release|Any CPU
	EndGlobalSection
	GlobalSection(ProjectConfigurationPlatforms) = postSolution
		{74674E4C-8739-42AE-B1D0-8A64F61592FA}.Debug|Any CPU.ActiveCfg = Debug|Any CPU
		{74674E4C-8739-42AE-B1D0-8A64F61592FA}.Debug|Any CPU.Build.0 = Debug|Any CPU
		{74674E4C-8739-42AE-B1D0-8A64F61592FA}.Release|Any CPU.ActiveCfg = Release|Any CPU
		{74674E4C-8739-42AE-B1D0-8A64F61592FA}.Release|Any CPU.Build.0 = Release|Any CPU
	EndGlobalSection
	GlobalSection(SolutionProperties) = preSolution
		HideSolutionNode = FALSE
	EndGlobalSection
	GlobalSection(ExtensibilityGlobals) = postSolution
		SolutionGuid = {AE4B15B6-03C6-4F41-B5FC-1DA60CB51C00}
	EndGlobalSection
EndGlobal
